Microsoft Visual Studio Solution File, Format Version 9.00
# Visual Studio 2005
Project("{8BC9CEB8-8B4A-11D0-8D11-00A0C91BC942}") = "pgAdmin3", "src\pgAdmin3.vcproj", "{5C2D73BA-1F24-48F8-8233-85F5D672AA6A}"
EndProject
Project("{8BC9CEB8-8B4A-11D0-8D11-00A0C91BC942}") = "pgAgent", "xtra\pgagent\pgAgent.vcproj", "{7D082D30-F35A-42DA-A7E3-188EE6E67C7D}"
EndProject
Project("{8BC9CEB8-8B4A-11D0-8D11-00A0C91BC942}") = "pgaevent", "xtra\pgaevent\pgaevent.vcproj", "{71AF025C-C835-4501-89CF-A94EB3B14401}"
EndProject
Project("{2150E333-8FDC-42A3-9474-1A3956D46DE8}") = "xtra", "xtra", "{6F07A8BA-8734-4ECE-B19D-178465B1CEAA}"
EndProject
Project("{2150E333-8FDC-42A3-9474-1A3956D46DE8}") = "pgAdmin III", "pgAdmin III", "{CCBC0773-7287-4076-8D4F-BEBB3AFF5D23}"
	ProjectSection(SolutionItems) = preProject
		acinclude.m4 = acinclude.m4
		bootstrap = bootstrap
		BUGS = BUGS
		CHANGELOG = CHANGELOG
		configure.ac.in = configure.ac.in
		DEVELOPERS = DEVELOPERS
		languages.hwx = languages.hwx
		languages.po = languages.po
		LICENSE = LICENSE
		Makefile.am = Makefile.am
		pgadmin3-release.pot = pgadmin3-release.pot
		pgadmin3.pot = pgadmin3.pot
		README = README
		stringextract = stringextract
		stringextract.bat = stringextract.bat
		stringmerge = stringmerge
		TODO = TODO
	EndProjectSection
EndProject
Project("{2150E333-8FDC-42A3-9474-1A3956D46DE8}") = "i18n", "i18n", "{F7C45B39-2B75-4D71-85D8-BF99CAC5ED16}"
	ProjectSection(SolutionItems) = preProject
		i18n\pg_settings.csv = i18n\pg_settings.csv
		i18n\pgadmin3.lng = i18n\pgadmin3.lng
	EndProjectSection
EndProject
Global
	GlobalSection(SolutionConfigurationPlatforms) = preSolution
		Debug|Win32 = Debug|Win32
		Release|Win32 = Release|Win32
	EndGlobalSection
	GlobalSection(ProjectConfigurationPlatforms) = postSolution
		{5C2D73BA-1F24-48F8-8233-85F5D672AA6A}.Debug|Win32.ActiveCfg = Debug|Win32
		{5C2D73BA-1F24-48F8-8233-85F5D672AA6A}.Debug|Win32.Build.0 = Debug|Win32
		{5C2D73BA-1F24-48F8-8233-85F5D672AA6A}.Release|Win32.ActiveCfg = Release|Win32
		{5C2D73BA-1F24-48F8-8233-85F5D672AA6A}.Release|Win32.Build.0 = Release|Win32
		{7D082D30-F35A-42DA-A7E3-188EE6E67C7D}.Debug|Win32.ActiveCfg = Debug|Win32
		{7D082D30-F35A-42DA-A7E3-188EE6E67C7D}.Debug|Win32.Build.0 = Debug|Win32
		{7D082D30-F35A-42DA-A7E3-188EE6E67C7D}.Release|Win32.ActiveCfg = Release|Win32
		{7D082D30-F35A-42DA-A7E3-188EE6E67C7D}.Release|Win32.Build.0 = Release|Win32
		{71AF025C-C835-4501-89CF-A94EB3B14401}.Debug|Win32.ActiveCfg = Debug|Win32
		{71AF025C-C835-4501-89CF-A94EB3B14401}.Debug|Win32.Build.0 = Debug|Win32
		{71AF025C-C835-4501-89CF-A94EB3B14401}.Release|Win32.ActiveCfg = Release|Win32
		{71AF025C-C835-4501-89CF-A94EB3B14401}.Release|Win32.Build.0 = Release|Win32
	EndGlobalSection
	GlobalSection(SolutionProperties) = preSolution
		HideSolutionNode = FALSE
	EndGlobalSection
	GlobalSection(NestedProjects) = preSolution
		{71AF025C-C835-4501-89CF-A94EB3B14401} = {6F07A8BA-8734-4ECE-B19D-178465B1CEAA}
		{7D082D30-F35A-42DA-A7E3-188EE6E67C7D} = {6F07A8BA-8734-4ECE-B19D-178465B1CEAA}
		{5C2D73BA-1F24-48F8-8233-85F5D672AA6A} = {CCBC0773-7287-4076-8D4F-BEBB3AFF5D23}
		{F7C45B39-2B75-4D71-85D8-BF99CAC5ED16} = {CCBC0773-7287-4076-8D4F-BEBB3AFF5D23}
		{6F07A8BA-8734-4ECE-B19D-178465B1CEAA} = {CCBC0773-7287-4076-8D4F-BEBB3AFF5D23}
	EndGlobalSection
EndGlobal
