Microsoft Visual Studio Solution File, Format Version 11.00
# Visual Studio 2010
Project("{8BC9CEB8-8B4A-11D0-8D11-00A0C91BC942}") = "pgAdmin3", "pgadmin\pgAdmin3.vcxproj", "{5C2D73BA-1F24-48F8-8233-85F5D672AA6A}"
EndProject
Project("{8BC9CEB8-8B4A-11D0-8D11-00A0C91BC942}") = "Docs", "docs\Docs.vcxproj", "{CFAD4001-CC90-415E-87AC-1A85446BFA54}"
EndProject
Project("{8BC9CEB8-8B4A-11D0-8D11-00A0C91BC942}") = "Installer", "pkg\win32\Installer.vcxproj", "{F91F627F-F79C-49BE-BA21-E359FCEC461C}"
EndProject
Project("{8BC9CEB8-8B4A-11D0-8D11-00A0C91BC942}") = "png2c", "xtra\png2c\png2c.vcxproj", "{01191FB5-0037-4E36-BA56-07CE9D9D8CC0}"
EndProject
Global
	GlobalSection(SolutionConfigurationPlatforms) = preSolution
		Debug (3.0)|Win32 = Debug (3.0)|Win32
		Debug|Win32 = Debug|Win32
		Release (3.0)|Win32 = Release (3.0)|Win32
		Release|Win32 = Release|Win32
	EndGlobalSection
	GlobalSection(ProjectConfigurationPlatforms) = postSolution
		{5C2D73BA-1F24-48F8-8233-85F5D672AA6A}.Debug (3.0)|Win32.ActiveCfg = Debug (3.0)|Win32
		{5C2D73BA-1F24-48F8-8233-85F5D672AA6A}.Debug (3.0)|Win32.Build.0 = Debug (3.0)|Win32
		{5C2D73BA-1F24-48F8-8233-85F5D672AA6A}.Debug|Win32.ActiveCfg = Debug|Win32
		{5C2D73BA-1F24-48F8-8233-85F5D672AA6A}.Debug|Win32.Build.0 = Debug|Win32
		{5C2D73BA-1F24-48F8-8233-85F5D672AA6A}.Release (3.0)|Win32.ActiveCfg = Release (3.0)|Win32
		{5C2D73BA-1F24-48F8-8233-85F5D672AA6A}.Release (3.0)|Win32.Build.0 = Release (3.0)|Win32
		{5C2D73BA-1F24-48F8-8233-85F5D672AA6A}.Release|Win32.ActiveCfg = Release|Win32
		{5C2D73BA-1F24-48F8-8233-85F5D672AA6A}.Release|Win32.Build.0 = Release|Win32
		{CFAD4001-CC90-415E-87AC-1A85446BFA54}.Debug (3.0)|Win32.ActiveCfg = All|Win32
		{CFAD4001-CC90-415E-87AC-1A85446BFA54}.Debug (3.0)|Win32.Build.0 = All|Win32
		{CFAD4001-CC90-415E-87AC-1A85446BFA54}.Debug|Win32.ActiveCfg = All|Win32
		{CFAD4001-CC90-415E-87AC-1A85446BFA54}.Release (3.0)|Win32.ActiveCfg = All|Win32
		{CFAD4001-CC90-415E-87AC-1A85446BFA54}.Release (3.0)|Win32.Build.0 = All|Win32
		{CFAD4001-CC90-415E-87AC-1A85446BFA54}.Release|Win32.ActiveCfg = All|Win32
		{CFAD4001-CC90-415E-87AC-1A85446BFA54}.Release|Win32.Build.0 = All|Win32
		{F91F627F-F79C-49BE-BA21-E359FCEC461C}.Debug (3.0)|Win32.ActiveCfg = All|Win32
		{F91F627F-F79C-49BE-BA21-E359FCEC461C}.Debug (3.0)|Win32.Build.0 = All|Win32
		{F91F627F-F79C-49BE-BA21-E359FCEC461C}.Debug|Win32.ActiveCfg = All|Win32
		{F91F627F-F79C-49BE-BA21-E359FCEC461C}.Release (3.0)|Win32.ActiveCfg = All|Win32
		{F91F627F-F79C-49BE-BA21-E359FCEC461C}.Release (3.0)|Win32.Build.0 = All|Win32
		{F91F627F-F79C-49BE-BA21-E359FCEC461C}.Release|Win32.ActiveCfg = All|Win32
		{F91F627F-F79C-49BE-BA21-E359FCEC461C}.Release|Win32.Build.0 = All|Win32
		{01191FB5-0037-4E36-BA56-07CE9D9D8CC0}.Debug (3.0)|Win32.ActiveCfg = Debug (3.0)|Win32
		{01191FB5-0037-4E36-BA56-07CE9D9D8CC0}.Debug (3.0)|Win32.Build.0 = Debug (3.0)|Win32
		{01191FB5-0037-4E36-BA56-07CE9D9D8CC0}.Debug|Win32.ActiveCfg = Debug|Win32
		{01191FB5-0037-4E36-BA56-07CE9D9D8CC0}.Debug|Win32.Build.0 = Debug|Win32
		{01191FB5-0037-4E36-BA56-07CE9D9D8CC0}.Release (3.0)|Win32.ActiveCfg = Release (3.0)|Win32
		{01191FB5-0037-4E36-BA56-07CE9D9D8CC0}.Release (3.0)|Win32.Build.0 = Release (3.0)|Win32
		{01191FB5-0037-4E36-BA56-07CE9D9D8CC0}.Release|Win32.ActiveCfg = Release|Win32
		{01191FB5-0037-4E36-BA56-07CE9D9D8CC0}.Release|Win32.Build.0 = Release|Win32
	EndGlobalSection
	GlobalSection(SolutionProperties) = preSolution
		HideSolutionNode = FALSE
	EndGlobalSection
EndGlobal
