<?xml version="1.0" encoding="utf-8"?>
<Project ToolsVersion="4.0" xmlns="http://schemas.microsoft.com/developer/msbuild/2003">
  <ItemGroup>
    <Filter Include="utils">
      <UniqueIdentifier>{68f7d554-1111-417a-8c4e-aa87f8990203}</UniqueIdentifier>
    </Filter>
    <Filter Include="resources">
      <UniqueIdentifier>{d7ad6536-9b81-4ef8-be7d-39e31713cb1b}</UniqueIdentifier>
    </Filter>
    <Filter Include="src">
      <UniqueIdentifier>{83e7052f-7fd7-45be-bf4b-e8ce39beb0a4}</UniqueIdentifier>
    </Filter>
  </ItemGroup>
  <ItemGroup>
    <None Include="utils\RegenGuids.pl">
      <Filter>utils</Filter>
    </None>
    <None Include="resources\background.bmp">
      <Filter>resources</Filter>
    </None>
    <None Include="resources\banner.bmp">
      <Filter>resources</Filter>
    </None>
    <None Include="resources\help.ico">
      <Filter>resources</Filter>
    </None>
    <None Include="resources\licence.rtf">
      <Filter>resources</Filter>
    </None>
    <None Include="src\i18ndata.wxs">
      <Filter>src</Filter>
    </None>
    <None Include="src\i18nrefs.wxs">
      <Filter>src</Filter>
    </None>
    <None Include="src\pgadmin3.wxs">
      <Filter>src</Filter>
    </None>
    <None Include="Make.bat" />
    <None Include="Makefile.am" />
    <None Include="README.txt" />
    <None Include="upgrade.bat" />
  </ItemGroup>
</Project>