<?xml version="1.0" encoding="utf-8"?>
<Project ToolsVersion="4.0" xmlns="http://schemas.microsoft.com/developer/msbuild/2003">
  <ItemGroup>
    <Filter Include="en_US">
      <UniqueIdentifier>{1d27fb76-d905-4075-8f95-0fcb0aae21ae}</UniqueIdentifier>
    </Filter>
    <Filter Include="en_US\images">
      <UniqueIdentifier>{969e722d-fc6d-4e24-ac5b-fbbe17e0b971}</UniqueIdentifier>
    </Filter>
    <Filter Include="en_US\hints">
      <UniqueIdentifier>{4afec502-4b2b-4b9e-9e07-3a214da5c30c}</UniqueIdentifier>
    </Filter>
    <Filter Include="cs_CZ">
      <UniqueIdentifier>{ea2e86cb-91bb-479f-b10e-527c5b647cc5}</UniqueIdentifier>
    </Filter>
    <Filter Include="cs_CZ\hints">
      <UniqueIdentifier>{caa88123-413d-4333-829e-30405f3addff}</UniqueIdentifier>
    </Filter>
    <Filter Include="de_DE">
      <UniqueIdentifier>{c148eea5-a064-43bc-b677-af5b617393b2}</UniqueIdentifier>
    </Filter>
    <Filter Include="de_DE\hints">
      <UniqueIdentifier>{e51ffa1d-3dd9-4ead-9c4f-3633b2059c39}</UniqueIdentifier>
    </Filter>
    <Filter Include="es_ES">
      <UniqueIdentifier>{4aebd430-e4f8-4bd7-9cc2-7cb7319c8c05}</UniqueIdentifier>
    </Filter>
    <Filter Include="es_ES\hints">
      <UniqueIdentifier>{f958dc60-34f4-4191-bc4f-217818e67224}</UniqueIdentifier>
    </Filter>
    <Filter Include="fr_FR">
      <UniqueIdentifier>{64b0974f-0eb4-472c-aae6-fd87a1d48610}</UniqueIdentifier>
    </Filter>
    <Filter Include="fr_FR\hints">
      <UniqueIdentifier>{0969a9d0-38a1-428f-8a77-b390248f7969}</UniqueIdentifier>
    </Filter>
    <Filter Include="sl_SI">
      <UniqueIdentifier>{27d27a68-1ff3-4ef1-b5d6-8b5526c3a181}</UniqueIdentifier>
    </Filter>
    <Filter Include="sl_SI\hints">
      <UniqueIdentifier>{a302a8f0-4b8e-4c3f-a3be-13441238cd74}</UniqueIdentifier>
    </Filter>
    <Filter Include="zh_CN">
      <UniqueIdentifier>{a131f8a1-3fba-48ac-bee4-ed4c4ee872e2}</UniqueIdentifier>
    </Filter>
    <Filter Include="zh_CN\hints">
      <UniqueIdentifier>{f3e20813-7a3a-48c9-ae0d-6c2a2ab31b8d}</UniqueIdentifier>
    </Filter>
    <Filter Include="zh_TW">
      <UniqueIdentifier>{8dbc4c74-0224-484c-9624-4dfda4afe6d4}</UniqueIdentifier>
    </Filter>
    <Filter Include="zh_TW\hints">
      <UniqueIdentifier>{6bff9a65-332c-474d-ad84-4c24ce410982}</UniqueIdentifier>
    </Filter>
    <Filter Include="fi_FI">
      <UniqueIdentifier>{dff42b14-22f4-47fb-9e52-e7bed46c6d29}</UniqueIdentifier>
    </Filter>
    <Filter Include="fi_FI\hints">
      <UniqueIdentifier>{df7099ff-0a25-46bf-811c-77fe704640f5}</UniqueIdentifier>
    </Filter>
  </ItemGroup>
  <ItemGroup>
    <None Include="en_US\appendices.rst">
      <Filter>en_US</Filter>
    </None>
    <None Include="en_US\backup.rst">
      <Filter>en_US</Filter>
    </None>
    <None Include="en_US\bugreport.rst">
      <Filter>en_US</Filter>
    </None>
    <None Include="en_US\commandline.rst">
      <Filter>en_US</Filter>
    </None>
    <None Include="en_US\conf.py.in">
      <Filter>en_US</Filter>
    </None>
    <None Include="en_US\connect-error.rst">
      <Filter>en_US</Filter>
    </None>
    <None Include="en_US\connect.rst">
      <Filter>en_US</Filter>
    </None>
    <None Include="en_US\control-server.rst">
      <Filter>en_US</Filter>
    </None>
    <None Include="en_US\debugger.rst">
      <Filter>en_US</Filter>
    </None>
    <None Include="en_US\editgrid.rst">
      <Filter>en_US</Filter>
    </None>
    <None Include="en_US\export.rst">
      <Filter>en_US</Filter>
    </None>
    <None Include="en_US\extended.rst">
      <Filter>en_US</Filter>
    </None>
    <None Include="en_US\gqb.rst">
      <Filter>en_US</Filter>
    </None>
    <None Include="en_US\grantwiz.rst">
      <Filter>en_US</Filter>
    </None>
    <None Include="en_US\gridopts.rst">
      <Filter>en_US</Filter>
    </None>
    <None Include="en_US\guruhints.rst">
      <Filter>en_US</Filter>
    </None>
    <None Include="en_US\index.rst">
      <Filter>en_US</Filter>
    </None>
    <None Include="en_US\introduction.rst">
      <Filter>en_US</Filter>
    </None>
    <None Include="en_US\kerberos.rst">
      <Filter>en_US</Filter>
    </None>
    <None Include="en_US\licence.rst">
      <Filter>en_US</Filter>
    </None>
    <None Include="en_US\macros.rst">
      <Filter>en_US</Filter>
    </None>
    <None Include="en_US\main.rst">
      <Filter>en_US</Filter>
    </None>
    <None Include="en_US\maintenance.rst">
      <Filter>en_US</Filter>
    </None>
    <None Include="en_US\make.bat">
      <Filter>en_US</Filter>
    </None>
    <None Include="en_US\openssl.rst">
      <Filter>en_US</Filter>
    </None>
    <None Include="en_US\options.rst">
      <Filter>en_US</Filter>
    </None>
    <None Include="en_US\password.rst">
      <Filter>en_US</Filter>
    </None>
    <None Include="en_US\pgadmin3.css">
      <Filter>en_US</Filter>
    </None>
    <None Include="en_US\pgagent-install.rst">
      <Filter>en_US</Filter>
    </None>
    <None Include="en_US\pgagent-jobs.rst">
      <Filter>en_US</Filter>
    </None>
    <None Include="en_US\pgagent-schedules.rst">
      <Filter>en_US</Filter>
    </None>
    <None Include="en_US\pgagent-steps.rst">
      <Filter>en_US</Filter>
    </None>
    <None Include="en_US\pgagent.rst">
      <Filter>en_US</Filter>
    </None>
    <None Include="en_US\pgscript.rst">
      <Filter>en_US</Filter>
    </None>
    <None Include="en_US\query.rst">
      <Filter>en_US</Filter>
    </None>
    <None Include="en_US\reports.rst">
      <Filter>en_US</Filter>
    </None>
    <None Include="en_US\restore.rst">
      <Filter>en_US</Filter>
    </None>
    <None Include="en_US\search.rst">
      <Filter>en_US</Filter>
    </None>
    <None Include="en_US\slony-example.rst">
      <Filter>en_US</Filter>
    </None>
    <None Include="en_US\slony-execute.rst">
      <Filter>en_US</Filter>
    </None>
    <None Include="en_US\slony-functions.rst">
      <Filter>en_US</Filter>
    </None>
    <None Include="en_US\slony-install.rst">
      <Filter>en_US</Filter>
    </None>
    <None Include="en_US\slony-overview.rst">
      <Filter>en_US</Filter>
    </None>
    <None Include="en_US\slony-path.rst">
      <Filter>en_US</Filter>
    </None>
    <None Include="en_US\slony-set.rst">
      <Filter>en_US</Filter>
    </None>
    <None Include="en_US\slony.rst">
      <Filter>en_US</Filter>
    </None>
    <None Include="en_US\status.rst">
      <Filter>en_US</Filter>
    </None>
    <None Include="en_US\team.rst">
      <Filter>en_US</Filter>
    </None>
    <None Include="en_US\translation_team.rst">
      <Filter>en_US</Filter>
    </None>
    <None Include="en_US\using.rst">
      <Filter>en_US</Filter>
    </None>
    <None Include="en_US\_static\backup-2.png">
      <Filter>en_US\images</Filter>
    </None>
    <None Include="en_US\_static\backup-3.png">
      <Filter>en_US\images</Filter>
    </None>
    <None Include="en_US\_static\backup-4.png">
      <Filter>en_US\images</Filter>
    </None>
    <None Include="en_US\_static\backup.png">
      <Filter>en_US\images</Filter>
    </None>
    <None Include="en_US\_static\connect.png">
      <Filter>en_US\images</Filter>
    </None>
    <None Include="en_US\_static\debugger.png">
      <Filter>en_US\images</Filter>
    </None>
    <None Include="en_US\_static\editgrid.png">
      <Filter>en_US\images</Filter>
    </None>
    <None Include="en_US\_static\export.png">
      <Filter>en_US\images</Filter>
    </None>
    <None Include="en_US\_static\gqb.png">
      <Filter>en_US\images</Filter>
    </None>
    <None Include="en_US\_static\grantwiz.png">
      <Filter>en_US\images</Filter>
    </None>
    <None Include="en_US\_static\gridopt-filter.png">
      <Filter>en_US\images</Filter>
    </None>
    <None Include="en_US\_static\gridopt-sort.png">
      <Filter>en_US\images</Filter>
    </None>
    <None Include="en_US\_static\guru-connect.png">
      <Filter>en_US\images</Filter>
    </None>
    <None Include="en_US\_static\locks.png">
      <Filter>en_US\images</Filter>
    </None>
    <None Include="en_US\_static\logfile.png">
      <Filter>en_US\images</Filter>
    </None>
    <None Include="en_US\_static\main.png">
      <Filter>en_US\images</Filter>
    </None>
    <None Include="en_US\_static\maintenance.png">
      <Filter>en_US\images</Filter>
    </None>
    <None Include="en_US\_static\manage-macros.png">
      <Filter>en_US\images</Filter>
    </None>
    <None Include="en_US\_static\no-hba.png">
      <Filter>en_US\images</Filter>
    </None>
    <None Include="en_US\_static\not-running.png">
      <Filter>en_US\images</Filter>
    </None>
    <None Include="en_US\_static\options-browser.png">
      <Filter>en_US\images</Filter>
    </None>
    <None Include="en_US\_static\options-colours.png">
      <Filter>en_US\images</Filter>
    </None>
    <None Include="en_US\_static\options-general.png">
      <Filter>en_US\images</Filter>
    </None>
    <None Include="en_US\_static\options-logging.png">
      <Filter>en_US\images</Filter>
    </None>
    <None Include="en_US\_static\options-preferences.png">
      <Filter>en_US\images</Filter>
    </None>
    <None Include="en_US\_static\options-querytool.png">
      <Filter>en_US\images</Filter>
    </None>
    <None Include="en_US\_static\options-querytoolfiles.png">
      <Filter>en_US\images</Filter>
    </None>
    <None Include="en_US\_static\password.png">
      <Filter>en_US\images</Filter>
    </None>
    <None Include="en_US\_static\pgagent-jobdetails.png">
      <Filter>en_US\images</Filter>
    </None>
    <None Include="en_US\_static\pgagent-jobproperties.png">
      <Filter>en_US\images</Filter>
    </None>
    <None Include="en_US\_static\pgagent-jobstats.png">
      <Filter>en_US\images</Filter>
    </None>
    <None Include="en_US\_static\pgagent-scheduledetails1.png">
      <Filter>en_US\images</Filter>
    </None>
    <None Include="en_US\_static\pgagent-scheduledetails2.png">
      <Filter>en_US\images</Filter>
    </None>
    <None Include="en_US\_static\pgagent-scheduledetails3.png">
      <Filter>en_US\images</Filter>
    </None>
    <None Include="en_US\_static\pgagent-scheduleproperties.png">
      <Filter>en_US\images</Filter>
    </None>
    <None Include="en_US\_static\pgagent-stepdetails.png">
      <Filter>en_US\images</Filter>
    </None>
    <None Include="en_US\_static\pgagent-stepstats.png">
      <Filter>en_US\images</Filter>
    </None>
    <None Include="en_US\_static\query-analyze.png">
      <Filter>en_US\images</Filter>
    </None>
    <None Include="en_US\_static\query-connect.png">
      <Filter>en_US\images</Filter>
    </None>
    <None Include="en_US\_static\query.png">
      <Filter>en_US\images</Filter>
    </None>
    <None Include="en_US\_static\reporttool-html.png">
      <Filter>en_US\images</Filter>
    </None>
    <None Include="en_US\_static\reporttool-xml.png">
      <Filter>en_US\images</Filter>
    </None>
    <None Include="en_US\_static\restore-2.png">
      <Filter>en_US\images</Filter>
    </None>
    <None Include="en_US\_static\restore-3.png">
      <Filter>en_US\images</Filter>
    </None>
    <None Include="en_US\_static\restore-4.png">
      <Filter>en_US\images</Filter>
    </None>
    <None Include="en_US\_static\restore.png">
      <Filter>en_US\images</Filter>
    </None>
    <None Include="en_US\_static\search.png">
      <Filter>en_US\images</Filter>
    </None>
    <None Include="en_US\_static\server.png">
      <Filter>en_US\images</Filter>
    </None>
    <None Include="en_US\_static\slony-create.png">
      <Filter>en_US\images</Filter>
    </None>
    <None Include="en_US\_static\slony-execute.png">
      <Filter>en_US\images</Filter>
    </None>
    <None Include="en_US\_static\slony-join.png">
      <Filter>en_US\images</Filter>
    </None>
    <None Include="en_US\_static\slony-listen.png">
      <Filter>en_US\images</Filter>
    </None>
    <None Include="en_US\_static\slony-overview.png">
      <Filter>en_US\images</Filter>
    </None>
    <None Include="en_US\_static\slony-path.png">
      <Filter>en_US\images</Filter>
    </None>
    <None Include="en_US\_static\slony-sequence.png">
      <Filter>en_US\images</Filter>
    </None>
    <None Include="en_US\_static\slony-set.png">
      <Filter>en_US\images</Filter>
    </None>
    <None Include="en_US\_static\slony-subscription.png">
      <Filter>en_US\images</Filter>
    </None>
    <None Include="en_US\_static\slony-table.png">
      <Filter>en_US\images</Filter>
    </None>
    <None Include="en_US\_static\slony-upgrade.png">
      <Filter>en_US\images</Filter>
    </None>
    <None Include="en_US\_static\status.png">
      <Filter>en_US\images</Filter>
    </None>
    <None Include="en_US\_static\transaction.png">
      <Filter>en_US\images</Filter>
    </None>
    <None Include="en_US\hints\autovacuum.html">
      <Filter>en_US\hints</Filter>
    </None>
    <None Include="en_US\hints\conn-hba.html">
      <Filter>en_US\hints</Filter>
    </None>
    <None Include="en_US\hints\conn-ident.html">
      <Filter>en_US\hints</Filter>
    </None>
    <None Include="en_US\hints\conn-listen.html">
      <Filter>en_US\hints</Filter>
    </None>
    <None Include="en_US\hints\encoding-ascii.html">
      <Filter>en_US\hints</Filter>
    </None>
    <None Include="en_US\hints\encoding-unicode.html">
      <Filter>en_US\hints</Filter>
    </None>
    <None Include="en_US\hints\fki.html">
      <Filter>en_US\hints</Filter>
    </None>
    <None Include="en_US\hints\instrumentation.html">
      <Filter>en_US\hints</Filter>
    </None>
    <None Include="en_US\hints\multiple.html">
      <Filter>en_US\hints</Filter>
    </None>
    <None Include="en_US\hints\object-editing.html">
      <Filter>en_US\hints</Filter>
    </None>
    <None Include="en_US\hints\pk.html">
      <Filter>en_US\hints</Filter>
    </None>
    <None Include="en_US\hints\saving-passwords.html">
      <Filter>en_US\hints</Filter>
    </None>
    <None Include="en_US\hints\vacuum.html">
      <Filter>en_US\hints</Filter>
    </None>
    <None Include="en_US\hints\view-without-pk.html">
      <Filter>en_US\hints</Filter>
    </None>
    <None Include="cs_CZ\pgadmin3.css">
      <Filter>cs_CZ</Filter>
    </None>
    <None Include="cs_CZ\hints\autovacuum.html">
      <Filter>cs_CZ\hints</Filter>
    </None>
    <None Include="cs_CZ\hints\conn-hba.html">
      <Filter>cs_CZ\hints</Filter>
    </None>
    <None Include="cs_CZ\hints\conn-ident.html">
      <Filter>cs_CZ\hints</Filter>
    </None>
    <None Include="cs_CZ\hints\conn-listen.html">
      <Filter>cs_CZ\hints</Filter>
    </None>
    <None Include="cs_CZ\hints\encoding-ascii.html">
      <Filter>cs_CZ\hints</Filter>
    </None>
    <None Include="cs_CZ\hints\encoding-unicode.html">
      <Filter>cs_CZ\hints</Filter>
    </None>
    <None Include="cs_CZ\hints\fki.html">
      <Filter>cs_CZ\hints</Filter>
    </None>
    <None Include="cs_CZ\hints\instrumentation.html">
      <Filter>cs_CZ\hints</Filter>
    </None>
    <None Include="cs_CZ\hints\multiple.html">
      <Filter>cs_CZ\hints</Filter>
    </None>
    <None Include="cs_CZ\hints\pk.html">
      <Filter>cs_CZ\hints</Filter>
    </None>
    <None Include="cs_CZ\hints\vacuum.html">
      <Filter>cs_CZ\hints</Filter>
    </None>
    <None Include="cs_CZ\hints\view-without-pk.html">
      <Filter>cs_CZ\hints</Filter>
    </None>
    <None Include="de_DE\pgadmin3.css">
      <Filter>de_DE</Filter>
    </None>
    <None Include="de_DE\hints\autovacuum.html">
      <Filter>de_DE\hints</Filter>
    </None>
    <None Include="de_DE\hints\conn-hba.html">
      <Filter>de_DE\hints</Filter>
    </None>
    <None Include="de_DE\hints\conn-ident.html">
      <Filter>de_DE\hints</Filter>
    </None>
    <None Include="de_DE\hints\conn-listen.html">
      <Filter>de_DE\hints</Filter>
    </None>
    <None Include="de_DE\hints\encoding-ascii.html">
      <Filter>de_DE\hints</Filter>
    </None>
    <None Include="de_DE\hints\encoding-unicode.html">
      <Filter>de_DE\hints</Filter>
    </None>
    <None Include="de_DE\hints\fki.html">
      <Filter>de_DE\hints</Filter>
    </None>
    <None Include="de_DE\hints\instrumentation.html">
      <Filter>de_DE\hints</Filter>
    </None>
    <None Include="de_DE\hints\multiple.html">
      <Filter>de_DE\hints</Filter>
    </None>
    <None Include="de_DE\hints\pk.html">
      <Filter>de_DE\hints</Filter>
    </None>
    <None Include="de_DE\hints\vacuum.html">
      <Filter>de_DE\hints</Filter>
    </None>
    <None Include="de_DE\hints\view-without-pk.html">
      <Filter>de_DE\hints</Filter>
    </None>
    <None Include="es_ES\pgadmin3.css">
      <Filter>es_ES</Filter>
    </None>
    <None Include="es_ES\hints\autovacuum.html">
      <Filter>es_ES\hints</Filter>
    </None>
    <None Include="es_ES\hints\conn-hba.html">
      <Filter>es_ES\hints</Filter>
    </None>
    <None Include="es_ES\hints\conn-ident.html">
      <Filter>es_ES\hints</Filter>
    </None>
    <None Include="es_ES\hints\conn-listen.html">
      <Filter>es_ES\hints</Filter>
    </None>
    <None Include="es_ES\hints\encoding-ascii.html">
      <Filter>es_ES\hints</Filter>
    </None>
    <None Include="es_ES\hints\encoding-unicode.html">
      <Filter>es_ES\hints</Filter>
    </None>
    <None Include="es_ES\hints\fki.html">
      <Filter>es_ES\hints</Filter>
    </None>
    <None Include="es_ES\hints\instrumentation.html">
      <Filter>es_ES\hints</Filter>
    </None>
    <None Include="es_ES\hints\multiple.html">
      <Filter>es_ES\hints</Filter>
    </None>
    <None Include="es_ES\hints\object-editing.html">
      <Filter>es_ES\hints</Filter>
    </None>
    <None Include="es_ES\hints\pk.html">
      <Filter>es_ES\hints</Filter>
    </None>
    <None Include="es_ES\hints\vacuum.html">
      <Filter>es_ES\hints</Filter>
    </None>
    <None Include="es_ES\hints\view-without-pk.html">
      <Filter>es_ES\hints</Filter>
    </None>
    <None Include="fr_FR\pgadmin3.css">
      <Filter>fr_FR</Filter>
    </None>
    <None Include="fr_FR\hints\autovacuum.html">
      <Filter>fr_FR\hints</Filter>
    </None>
    <None Include="fr_FR\hints\conn-hba.html">
      <Filter>fr_FR\hints</Filter>
    </None>
    <None Include="fr_FR\hints\conn-ident.html">
      <Filter>fr_FR\hints</Filter>
    </None>
    <None Include="fr_FR\hints\conn-listen.html">
      <Filter>fr_FR\hints</Filter>
    </None>
    <None Include="fr_FR\hints\encoding-ascii.html">
      <Filter>fr_FR\hints</Filter>
    </None>
    <None Include="fr_FR\hints\encoding-unicode.html">
      <Filter>fr_FR\hints</Filter>
    </None>
    <None Include="fr_FR\hints\fki.html">
      <Filter>fr_FR\hints</Filter>
    </None>
    <None Include="fr_FR\hints\instrumentation.html">
      <Filter>fr_FR\hints</Filter>
    </None>
    <None Include="fr_FR\hints\multiple.html">
      <Filter>fr_FR\hints</Filter>
    </None>
    <None Include="fr_FR\hints\pk.html">
      <Filter>fr_FR\hints</Filter>
    </None>
    <None Include="fr_FR\hints\vacuum.html">
      <Filter>fr_FR\hints</Filter>
    </None>
    <None Include="fr_FR\hints\view-without-pk.html">
      <Filter>fr_FR\hints</Filter>
    </None>
    <None Include="sl_SI\pgadmin3.css">
      <Filter>sl_SI</Filter>
    </None>
    <None Include="sl_SI\hints\autovacuum.html">
      <Filter>sl_SI\hints</Filter>
    </None>
    <None Include="sl_SI\hints\conn-hba.html">
      <Filter>sl_SI\hints</Filter>
    </None>
    <None Include="sl_SI\hints\conn-ident.html">
      <Filter>sl_SI\hints</Filter>
    </None>
    <None Include="sl_SI\hints\conn-listen.html">
      <Filter>sl_SI\hints</Filter>
    </None>
    <None Include="sl_SI\hints\encoding-ascii.html">
      <Filter>sl_SI\hints</Filter>
    </None>
    <None Include="sl_SI\hints\encoding-unicode.html">
      <Filter>sl_SI\hints</Filter>
    </None>
    <None Include="sl_SI\hints\fki.html">
      <Filter>sl_SI\hints</Filter>
    </None>
    <None Include="sl_SI\hints\instrumentation.html">
      <Filter>sl_SI\hints</Filter>
    </None>
    <None Include="sl_SI\hints\multiple.html">
      <Filter>sl_SI\hints</Filter>
    </None>
    <None Include="sl_SI\hints\pk.html">
      <Filter>sl_SI\hints</Filter>
    </None>
    <None Include="sl_SI\hints\vacuum.html">
      <Filter>sl_SI\hints</Filter>
    </None>
    <None Include="sl_SI\hints\view-without-pk.html">
      <Filter>sl_SI\hints</Filter>
    </None>
    <None Include="zh_CN\pgadmin3.css">
      <Filter>zh_CN</Filter>
    </None>
    <None Include="zh_CN\hints\autovacuum.html">
      <Filter>zh_CN\hints</Filter>
    </None>
    <None Include="zh_CN\hints\conn-hba.html">
      <Filter>zh_CN\hints</Filter>
    </None>
    <None Include="zh_CN\hints\conn-ident.html">
      <Filter>zh_CN\hints</Filter>
    </None>
    <None Include="zh_CN\hints\conn-listen.html">
      <Filter>zh_CN\hints</Filter>
    </None>
    <None Include="zh_CN\hints\encoding-ascii.html">
      <Filter>zh_CN\hints</Filter>
    </None>
    <None Include="zh_CN\hints\encoding-unicode.html">
      <Filter>zh_CN\hints</Filter>
    </None>
    <None Include="zh_CN\hints\fki.html">
      <Filter>zh_CN\hints</Filter>
    </None>
    <None Include="zh_CN\hints\instrumentation.html">
      <Filter>zh_CN\hints</Filter>
    </None>
    <None Include="zh_CN\hints\multiple.html">
      <Filter>zh_CN\hints</Filter>
    </None>
    <None Include="zh_CN\hints\object-editing.html">
      <Filter>zh_CN\hints</Filter>
    </None>
    <None Include="zh_CN\hints\pk.html">
      <Filter>zh_CN\hints</Filter>
    </None>
    <None Include="zh_CN\hints\saving-passwords.html">
      <Filter>zh_CN\hints</Filter>
    </None>
    <None Include="zh_CN\hints\vacuum.html">
      <Filter>zh_CN\hints</Filter>
    </None>
    <None Include="zh_CN\hints\view-without-pk.html">
      <Filter>zh_CN\hints</Filter>
    </None>
    <None Include="zh_TW\pgadmin3.css">
      <Filter>zh_TW</Filter>
    </None>
    <None Include="zh_TW\hints\autovacuum.html">
      <Filter>zh_TW\hints</Filter>
    </None>
    <None Include="zh_TW\hints\conn-hba.html">
      <Filter>zh_TW\hints</Filter>
    </None>
    <None Include="zh_TW\hints\conn-ident.html">
      <Filter>zh_TW\hints</Filter>
    </None>
    <None Include="zh_TW\hints\conn-listen.html">
      <Filter>zh_TW\hints</Filter>
    </None>
    <None Include="zh_TW\hints\encoding-ascii.html">
      <Filter>zh_TW\hints</Filter>
    </None>
    <None Include="zh_TW\hints\encoding-unicode.html">
      <Filter>zh_TW\hints</Filter>
    </None>
    <None Include="zh_TW\hints\fki.html">
      <Filter>zh_TW\hints</Filter>
    </None>
    <None Include="zh_TW\hints\instrumentation.html">
      <Filter>zh_TW\hints</Filter>
    </None>
    <None Include="zh_TW\hints\multiple.html">
      <Filter>zh_TW\hints</Filter>
    </None>
    <None Include="zh_TW\hints\object-editing.html">
      <Filter>zh_TW\hints</Filter>
    </None>
    <None Include="zh_TW\hints\pk.html">
      <Filter>zh_TW\hints</Filter>
    </None>
    <None Include="zh_TW\hints\saving-passwords.html">
      <Filter>zh_TW\hints</Filter>
    </None>
    <None Include="zh_TW\hints\vacuum.html">
      <Filter>zh_TW\hints</Filter>
    </None>
    <None Include="zh_TW\hints\view-without-pk.html">
      <Filter>zh_TW\hints</Filter>
    </None>
    <None Include="fi_FI\pgadmin3.css">
      <Filter>fi_FI</Filter>
    </None>
    <None Include="fi_FI\hints\autovacuum.html">
      <Filter>fi_FI\hints</Filter>
    </None>
    <None Include="fi_FI\hints\conn-hba.html">
      <Filter>fi_FI\hints</Filter>
    </None>
    <None Include="fi_FI\hints\conn-ident.html">
      <Filter>fi_FI\hints</Filter>
    </None>
    <None Include="fi_FI\hints\conn-listen.html">
      <Filter>fi_FI\hints</Filter>
    </None>
    <None Include="fi_FI\hints\encoding-ascii.html">
      <Filter>fi_FI\hints</Filter>
    </None>
    <None Include="fi_FI\hints\encoding-unicode.html">
      <Filter>fi_FI\hints</Filter>
    </None>
    <None Include="fi_FI\hints\fki.html">
      <Filter>fi_FI\hints</Filter>
    </None>
    <None Include="fi_FI\hints\instrumentation.html">
      <Filter>fi_FI\hints</Filter>
    </None>
    <None Include="fi_FI\hints\multiple.html">
      <Filter>fi_FI\hints</Filter>
    </None>
    <None Include="fi_FI\hints\object-editing.html">
      <Filter>fi_FI\hints</Filter>
    </None>
    <None Include="fi_FI\hints\pk.html">
      <Filter>fi_FI\hints</Filter>
    </None>
    <None Include="fi_FI\hints\saving-passwords.html">
      <Filter>fi_FI\hints</Filter>
    </None>
    <None Include="fi_FI\hints\vacuum.html">
      <Filter>fi_FI\hints</Filter>
    </None>
    <None Include="fi_FI\hints\view-without-pk.html">
      <Filter>fi_FI\hints</Filter>
    </None>
    <None Include="en_US\options-browser.rst">
      <Filter>en_US</Filter>
    </None>
    <None Include="en_US\options-database_designer.rst">
      <Filter>en_US</Filter>
    </None>
    <None Include="en_US\options-miscellaneous.rst">
      <Filter>en_US</Filter>
    </None>
    <None Include="en_US\options-query_tool.rst">
      <Filter>en_US</Filter>
    </None>
    <None Include="en_US\options-server_status.rst">
      <Filter>en_US</Filter>
    </None>
  </ItemGroup>
</Project>